
Microsoft Visual Studio Solution File, Format Version 12.00
# Visual Studio Version 17
VisualStudioVersion = 17.1.32407.343
MinimumVisualStudioVersion = 10.0.40219.1
Project("{9A19103F-16F7-4668-BE54-9A1E7A4F7556}") = "Information_Card.Core", "Information_Card.Core\Information_Card.Core.csproj", "{DE02550E-26D1-451D-904F-4437C1F023DB}"
EndProject
Project("{9A19103F-16F7-4668-BE54-9A1E7A4F7556}") = "Information_Card.Client", "Information_Card.Client\Information_Card.Client.csproj", "{D1B2A7EA-E570-4088-BC60-1D59532780E5}"
EndProject
Project("{9A19103F-16F7-4668-BE54-9A1E7A4F7556}") = "Information_Catd.Infrastructure", "Information_Catd.Infrastructure\Information_Catd.Infrastructure.csproj", "{A1B4F5F9-DF65-4C1D-BFAF-0241780C2105}"
EndProject
Project("{9A19103F-16F7-4668-BE54-9A1E7A4F7556}") = "Information_Card.Application", "Information_Card.Application\Information_Card.Application.csproj", "{D77499F0-076A-45AA-808B-7028FC0751B2}"
EndProject
Project("{9A19103F-16F7-4668-BE54-9A1E7A4F7556}") = "Information_Card.Api", "Information_Card.Api\Information_Card.Api.csproj", "{C8818B60-AB8B-479C-9582-CEBC5A3EF44E}"
EndProject
Global
	GlobalSection(SolutionConfigurationPlatforms) = preSolution
		Debug|Any CPU = Debug|Any CPU
		Release|Any CPU = Release|Any CPU
	EndGlobalSection
	GlobalSection(ProjectConfigurationPlatforms) = postSolution
		{DE02550E-26D1-451D-904F-4437C1F023DB}.Debug|Any CPU.ActiveCfg = Debug|Any CPU
		{DE02550E-26D1-451D-904F-4437C1F023DB}.Debug|Any CPU.Build.0 = Debug|Any CPU
		{DE02550E-26D1-451D-904F-4437C1F023DB}.Release|Any CPU.ActiveCfg = Release|Any CPU
		{DE02550E-26D1-451D-904F-4437C1F023DB}.Release|Any CPU.Build.0 = Release|Any CPU
		{D1B2A7EA-E570-4088-BC60-1D59532780E5}.Debug|Any CPU.ActiveCfg = Debug|Any CPU
		{D1B2A7EA-E570-4088-BC60-1D59532780E5}.Debug|Any CPU.Build.0 = Debug|Any CPU
		{D1B2A7EA-E570-4088-BC60-1D59532780E5}.Release|Any CPU.ActiveCfg = Release|Any CPU
		{D1B2A7EA-E570-4088-BC60-1D59532780E5}.Release|Any CPU.Build.0 = Release|Any CPU
		{A1B4F5F9-DF65-4C1D-BFAF-0241780C2105}.Debug|Any CPU.ActiveCfg = Debug|Any CPU
		{A1B4F5F9-DF65-4C1D-BFAF-0241780C2105}.Debug|Any CPU.Build.0 = Debug|Any CPU
		{A1B4F5F9-DF65-4C1D-BFAF-0241780C2105}.Release|Any CPU.ActiveCfg = Release|Any CPU
		{A1B4F5F9-DF65-4C1D-BFAF-0241780C2105}.Release|Any CPU.Build.0 = Release|Any CPU
		{D77499F0-076A-45AA-808B-7028FC0751B2}.Debug|Any CPU.ActiveCfg = Debug|Any CPU
		{D77499F0-076A-45AA-808B-7028FC0751B2}.Debug|Any CPU.Build.0 = Debug|Any CPU
		{D77499F0-076A-45AA-808B-7028FC0751B2}.Release|Any CPU.ActiveCfg = Release|Any CPU
		{D77499F0-076A-45AA-808B-7028FC0751B2}.Release|Any CPU.Build.0 = Release|Any CPU
		{C8818B60-AB8B-479C-9582-CEBC5A3EF44E}.Debug|Any CPU.ActiveCfg = Debug|Any CPU
		{C8818B60-AB8B-479C-9582-CEBC5A3EF44E}.Debug|Any CPU.Build.0 = Debug|Any CPU
		{C8818B60-AB8B-479C-9582-CEBC5A3EF44E}.Release|Any CPU.ActiveCfg = Release|Any CPU
		{C8818B60-AB8B-479C-9582-CEBC5A3EF44E}.Release|Any CPU.Build.0 = Release|Any CPU
	EndGlobalSection
	GlobalSection(SolutionProperties) = preSolution
		HideSolutionNode = FALSE
	EndGlobalSection
	GlobalSection(ExtensibilityGlobals) = postSolution
		SolutionGuid = {C19854F5-7380-43E1-B87C-FBE92A7FD36A}
	EndGlobalSection
EndGlobal
