
Microsoft Visual Studio Solution File, Format Version 12.00
# Visual Studio Version 17
VisualStudioVersion = 17.1.32407.343
MinimumVisualStudioVersion = 10.0.40219.1
Project("{9A19103F-16F7-4668-BE54-9A1E7A4F7556}") = "Information_Card.Core", "..\Information_Card.Core\Information_Card.Core.csproj", "{9C41A292-2260-4207-8F8A-11EAE3EBF355}"
EndProject
Project("{9A19103F-16F7-4668-BE54-9A1E7A4F7556}") = "Information_Catd.Infrastructure", "..\Information_Catd.Infrastructure\Information_Catd.Infrastructure.csproj", "{714837A2-2A74-4383-BEF7-8F5FC5F66B84}"
EndProject
Project("{9A19103F-16F7-4668-BE54-9A1E7A4F7556}") = "Information_Card.Client", "..\Information_Card.Client\Information_Card.Client.csproj", "{6326DA6F-A3CE-4476-BC8F-627D0BA0F127}"
EndProject
Project("{9A19103F-16F7-4668-BE54-9A1E7A4F7556}") = "Information_Card.Application", "..\Information_Card.Application\Information_Card.Application.csproj", "{E0E0387E-E554-4ADF-963A-F3FD3345E3BD}"
EndProject
Project("{9A19103F-16F7-4668-BE54-9A1E7A4F7556}") = "Information_Card.Api", "..\Information_Card.Api\Information_Card.Api.csproj", "{485BE3E5-0B17-4FF6-B9B5-9CB9CED99872}"
EndProject
Global
	GlobalSection(SolutionConfigurationPlatforms) = preSolution
		Debug|Any CPU = Debug|Any CPU
		Release|Any CPU = Release|Any CPU
	EndGlobalSection
	GlobalSection(ProjectConfigurationPlatforms) = postSolution
		{9C41A292-2260-4207-8F8A-11EAE3EBF355}.Debug|Any CPU.ActiveCfg = Debug|Any CPU
		{9C41A292-2260-4207-8F8A-11EAE3EBF355}.Debug|Any CPU.Build.0 = Debug|Any CPU
		{9C41A292-2260-4207-8F8A-11EAE3EBF355}.Release|Any CPU.ActiveCfg = Release|Any CPU
		{9C41A292-2260-4207-8F8A-11EAE3EBF355}.Release|Any CPU.Build.0 = Release|Any CPU
		{714837A2-2A74-4383-BEF7-8F5FC5F66B84}.Debug|Any CPU.ActiveCfg = Debug|Any CPU
		{714837A2-2A74-4383-BEF7-8F5FC5F66B84}.Debug|Any CPU.Build.0 = Debug|Any CPU
		{714837A2-2A74-4383-BEF7-8F5FC5F66B84}.Release|Any CPU.ActiveCfg = Release|Any CPU
		{714837A2-2A74-4383-BEF7-8F5FC5F66B84}.Release|Any CPU.Build.0 = Release|Any CPU
		{6326DA6F-A3CE-4476-BC8F-627D0BA0F127}.Debug|Any CPU.ActiveCfg = Debug|Any CPU
		{6326DA6F-A3CE-4476-BC8F-627D0BA0F127}.Debug|Any CPU.Build.0 = Debug|Any CPU
		{6326DA6F-A3CE-4476-BC8F-627D0BA0F127}.Release|Any CPU.ActiveCfg = Release|Any CPU
		{6326DA6F-A3CE-4476-BC8F-627D0BA0F127}.Release|Any CPU.Build.0 = Release|Any CPU
		{E0E0387E-E554-4ADF-963A-F3FD3345E3BD}.Debug|Any CPU.ActiveCfg = Debug|Any CPU
		{E0E0387E-E554-4ADF-963A-F3FD3345E3BD}.Debug|Any CPU.Build.0 = Debug|Any CPU
		{E0E0387E-E554-4ADF-963A-F3FD3345E3BD}.Release|Any CPU.ActiveCfg = Release|Any CPU
		{E0E0387E-E554-4ADF-963A-F3FD3345E3BD}.Release|Any CPU.Build.0 = Release|Any CPU
		{485BE3E5-0B17-4FF6-B9B5-9CB9CED99872}.Debug|Any CPU.ActiveCfg = Debug|Any CPU
		{485BE3E5-0B17-4FF6-B9B5-9CB9CED99872}.Debug|Any CPU.Build.0 = Debug|Any CPU
		{485BE3E5-0B17-4FF6-B9B5-9CB9CED99872}.Release|Any CPU.ActiveCfg = Release|Any CPU
		{485BE3E5-0B17-4FF6-B9B5-9CB9CED99872}.Release|Any CPU.Build.0 = Release|Any CPU
	EndGlobalSection
	GlobalSection(SolutionProperties) = preSolution
		HideSolutionNode = FALSE
	EndGlobalSection
	GlobalSection(ExtensibilityGlobals) = postSolution
		SolutionGuid = {C19854F5-7380-43E1-B87C-FBE92A7FD36A}
	EndGlobalSection
EndGlobal
