
Microsoft Visual Studio Solution File, Format Version 12.00
# Visual Studio Version 17
VisualStudioVersion = 17.1.32407.343
MinimumVisualStudioVersion = 10.0.40219.1
Project("{9A19103F-16F7-4668-BE54-9A1E7A4F7556}") = "Information_Card.Api", "Information_Card.Api.csproj", "{B0DD4840-58A6-4AC3-A65C-A5CD4D733A0E}"
EndProject
Project("{9A19103F-16F7-4668-BE54-9A1E7A4F7556}") = "Information_Card.Client", "..\Information_Card.Client\Information_Card.Client.csproj", "{4BB99AF2-A9F6-4523-AB66-BB506E55AC4E}"
EndProject
Project("{9A19103F-16F7-4668-BE54-9A1E7A4F7556}") = "Information_Catd.Infrastructure", "..\Information_Catd.Infrastructure\Information_Catd.Infrastructure.csproj", "{CAA31F6B-45C2-45CD-8C0C-6735BE779980}"
EndProject
Project("{9A19103F-16F7-4668-BE54-9A1E7A4F7556}") = "Information_Card.Application", "..\Information_Card.Application\Information_Card.Application.csproj", "{B0809186-7863-475B-9FFF-7AABA01A921A}"
EndProject
Project("{9A19103F-16F7-4668-BE54-9A1E7A4F7556}") = "Information_Card.Core", "..\Information_Card.Core\Information_Card.Core.csproj", "{201F3A46-9520-401F-9E09-1178E0D55D84}"
EndProject
Global
	GlobalSection(SolutionConfigurationPlatforms) = preSolution
		Debug|Any CPU = Debug|Any CPU
		Release|Any CPU = Release|Any CPU
	EndGlobalSection
	GlobalSection(ProjectConfigurationPlatforms) = postSolution
		{B0DD4840-58A6-4AC3-A65C-A5CD4D733A0E}.Debug|Any CPU.ActiveCfg = Debug|Any CPU
		{B0DD4840-58A6-4AC3-A65C-A5CD4D733A0E}.Debug|Any CPU.Build.0 = Debug|Any CPU
		{B0DD4840-58A6-4AC3-A65C-A5CD4D733A0E}.Release|Any CPU.ActiveCfg = Release|Any CPU
		{B0DD4840-58A6-4AC3-A65C-A5CD4D733A0E}.Release|Any CPU.Build.0 = Release|Any CPU
		{4BB99AF2-A9F6-4523-AB66-BB506E55AC4E}.Debug|Any CPU.ActiveCfg = Debug|Any CPU
		{4BB99AF2-A9F6-4523-AB66-BB506E55AC4E}.Debug|Any CPU.Build.0 = Debug|Any CPU
		{4BB99AF2-A9F6-4523-AB66-BB506E55AC4E}.Release|Any CPU.ActiveCfg = Release|Any CPU
		{4BB99AF2-A9F6-4523-AB66-BB506E55AC4E}.Release|Any CPU.Build.0 = Release|Any CPU
		{CAA31F6B-45C2-45CD-8C0C-6735BE779980}.Debug|Any CPU.ActiveCfg = Debug|Any CPU
		{CAA31F6B-45C2-45CD-8C0C-6735BE779980}.Debug|Any CPU.Build.0 = Debug|Any CPU
		{CAA31F6B-45C2-45CD-8C0C-6735BE779980}.Release|Any CPU.ActiveCfg = Release|Any CPU
		{CAA31F6B-45C2-45CD-8C0C-6735BE779980}.Release|Any CPU.Build.0 = Release|Any CPU
		{B0809186-7863-475B-9FFF-7AABA01A921A}.Debug|Any CPU.ActiveCfg = Debug|Any CPU
		{B0809186-7863-475B-9FFF-7AABA01A921A}.Debug|Any CPU.Build.0 = Debug|Any CPU
		{B0809186-7863-475B-9FFF-7AABA01A921A}.Release|Any CPU.ActiveCfg = Release|Any CPU
		{B0809186-7863-475B-9FFF-7AABA01A921A}.Release|Any CPU.Build.0 = Release|Any CPU
		{201F3A46-9520-401F-9E09-1178E0D55D84}.Debug|Any CPU.ActiveCfg = Debug|Any CPU
		{201F3A46-9520-401F-9E09-1178E0D55D84}.Debug|Any CPU.Build.0 = Debug|Any CPU
		{201F3A46-9520-401F-9E09-1178E0D55D84}.Release|Any CPU.ActiveCfg = Release|Any CPU
		{201F3A46-9520-401F-9E09-1178E0D55D84}.Release|Any CPU.Build.0 = Release|Any CPU
	EndGlobalSection
	GlobalSection(SolutionProperties) = preSolution
		HideSolutionNode = FALSE
	EndGlobalSection
	GlobalSection(ExtensibilityGlobals) = postSolution
		SolutionGuid = {2454C495-994D-4A10-AC04-F9F3847F1892}
	EndGlobalSection
EndGlobal
